PODS:
  - Alamofire (4.8.2)
  - AlamofireNetworkActivityLogger (2.4.0):
    - Alamofire (~> 4.8)
  - RxAtomic (4.4.2)
  - RxCocoa (4.4.2):
    - RxSwift (>= 4.4.2, ~> 4.4)
  - RxSwift (4.4.2):
    - RxAtomic (>= 4.4.2, ~> 4.4)
  - SwiftLint (0.31.0)

DEPENDENCIES:
  - Alamofire (~> 4.8.2)
  - AlamofireNetworkActivityLogger (~> 2.4)
  - RxCocoa (~> 4.4.2)
  - RxSwift (~> 4.4.2)
  - SwiftLint (~> 0.31.0)

SPEC REPOS:
  trunk:
    - Alamofire
    - AlamofireNetworkActivityLogger
    - RxAtomic
    - RxCocoa
    - RxSwift
    - SwiftLint

SPEC CHECKSUMS:
  Alamofire: ae5c501addb7afdbb13687d7f2f722c78734c2d3
  AlamofireNetworkActivityLogger: 6d3398c692d2c5d83b0c58793537860aca1e383d
  RxAtomic: d00e97c10db88c6f08540e0bf2752fc5a2404167
  RxCocoa: 477990dc3b4c3ff55fb0ac77e1cc06244e0aaec8
  RxSwift: 74c29b693c8e42b0f64400e8b06564575742d649
  SwiftLint: 7a0227733d786395817373b2d0ca799fd0093ff3

PODFILE CHECKSUM: 77671b7961340dc27bd7460755ad1d3dd97ee5a1

COCOAPODS: 1.9.1
